
Microsoft Visual Studio Solution File, Format Version 12.00
# Visual Studio Version 16
VisualStudioVersion = 16.0.32929.386
MinimumVisualStudioVersion = 10.0.40219.1
Project("{FAE04EC0-301F-11D3-BF4B-00C04F79EFBC}") = "MvcMusicStore", "MvcMusicStore.csproj", "{81912255-40EE-4438-9CA5-982326250315}"
EndProject
Project("{FAE04EC0-301F-11D3-BF4B-00C04F79EFBC}") = "MvcMusicStore.Tests", "..\MvcMusicStore.Tests\MvcMusicStore.Tests.csproj", "{262DEA70-35AE-41EC-9EA4-D08E20C88F8B}"
EndProject
Global
	GlobalSection(SolutionConfigurationPlatforms) = preSolution
		Debug|Any CPU = Debug|Any CPU
		Release|Any CPU = Release|Any CPU
	EndGlobalSection
	GlobalSection(ProjectConfigurationPlatforms) = postSolution
		{81912255-40EE-4438-9CA5-982326250315}.Debug|Any CPU.ActiveCfg = Debug|Any CPU
		{81912255-40EE-4438-9CA5-982326250315}.Debug|Any CPU.Build.0 = Debug|Any CPU
		{81912255-40EE-4438-9CA5-982326250315}.Release|Any CPU.ActiveCfg = Release|Any CPU
		{81912255-40EE-4438-9CA5-982326250315}.Release|Any CPU.Build.0 = Release|Any CPU
		{262DEA70-35AE-41EC-9EA4-D08E20C88F8B}.Debug|Any CPU.ActiveCfg = Debug|Any CPU
		{262DEA70-35AE-41EC-9EA4-D08E20C88F8B}.Debug|Any CPU.Build.0 = Debug|Any CPU
		{262DEA70-35AE-41EC-9EA4-D08E20C88F8B}.Release|Any CPU.ActiveCfg = Release|Any CPU
		{262DEA70-35AE-41EC-9EA4-D08E20C88F8B}.Release|Any CPU.Build.0 = Release|Any CPU
	EndGlobalSection
	GlobalSection(SolutionProperties) = preSolution
		HideSolutionNode = FALSE
	EndGlobalSection
	GlobalSection(ExtensibilityGlobals) = postSolution
		SolutionGuid = {23C355FE-1F21-423F-B794-E3DB71E66DBC}
	EndGlobalSection
EndGlobal
